
Microsoft Visual Studio Solution File, Format Version 12.00
# Visual Studio Version 16
VisualStudioVersion = 16.0.31005.135
MinimumVisualStudioVersion = 10.0.40219.1
Project("{FAE04EC0-301F-11D3-BF4B-00C04F79EFBC}") = "GenericBubbleSort", "GenericBubbleSort\GenericBubbleSort.csproj", "{C302E90F-45D3-4B1B-A6A2-5124F409E86C}"
EndProject
Project("{FAE04EC0-301F-11D3-BF4B-00C04F79EFBC}") = "NUnitTestProject1", "NUnitTestProject1\NUnitTestProject1.csproj", "{8E138DA7-08BE-49F9-A1EE-AEBCD724A479}"
EndProject
Global
	GlobalSection(SolutionConfigurationPlatforms) = preSolution
		Debug|Any CPU = Debug|Any CPU
		Release|Any CPU = Release|Any CPU
	EndGlobalSection
	GlobalSection(ProjectConfigurationPlatforms) = postSolution
		{C302E90F-45D3-4B1B-A6A2-5124F409E86C}.Debug|Any CPU.ActiveCfg = Debug|Any CPU
		{C302E90F-45D3-4B1B-A6A2-5124F409E86C}.Debug|Any CPU.Build.0 = Debug|Any CPU
		{C302E90F-45D3-4B1B-A6A2-5124F409E86C}.Release|Any CPU.ActiveCfg = Release|Any CPU
		{C302E90F-45D3-4B1B-A6A2-5124F409E86C}.Release|Any CPU.Build.0 = Release|Any CPU
		{8E138DA7-08BE-49F9-A1EE-AEBCD724A479}.Debug|Any CPU.ActiveCfg = Debug|Any CPU
		{8E138DA7-08BE-49F9-A1EE-AEBCD724A479}.Debug|Any CPU.Build.0 = Debug|Any CPU
		{8E138DA7-08BE-49F9-A1EE-AEBCD724A479}.Release|Any CPU.ActiveCfg = Release|Any CPU
		{8E138DA7-08BE-49F9-A1EE-AEBCD724A479}.Release|Any CPU.Build.0 = Release|Any CPU
	EndGlobalSection
	GlobalSection(SolutionProperties) = preSolution
		HideSolutionNode = FALSE
	EndGlobalSection
	GlobalSection(ExtensibilityGlobals) = postSolution
		SolutionGuid = {F6DBFB0A-D343-41A6-B249-0FD454FFB0F4}
	EndGlobalSection
EndGlobal
